
Microsoft Visual Studio Solution File, Format Version 12.00
# Visual Studio Version 17
VisualStudioVersion = 17.5.33530.505
MinimumVisualStudioVersion = 10.0.40219.1
Project("{FAE04EC0-301F-11D3-BF4B-00C04F79EFBC}") = "BlazorWasmDisplayExceptionOnScreen.Server", "BlazorWasmDisplayExceptionOnScreen\Server\BlazorWasmDisplayExceptionOnScreen.Server.csproj", "{E23CF807-2CD0-47B4-BA13-676680F279AB}"
EndProject
Project("{FAE04EC0-301F-11D3-BF4B-00C04F79EFBC}") = "BlazorWasmDisplayExceptionOnScreen.Client", "BlazorWasmDisplayExceptionOnScreen\Client\BlazorWasmDisplayExceptionOnScreen.Client.csproj", "{39203614-2E16-4A72-9A58-B8C78C5E2937}"
EndProject
Project("{FAE04EC0-301F-11D3-BF4B-00C04F79EFBC}") = "BlazorWasmDisplayExceptionOnScreen.Shared", "BlazorWasmDisplayExceptionOnScreen\Shared\BlazorWasmDisplayExceptionOnScreen.Shared.csproj", "{B1917EFC-F57E-48CB-A495-74091B3D97BF}"
EndProject
Global
	GlobalSection(SolutionConfigurationPlatforms) = preSolution
		Debug|Any CPU = Debug|Any CPU
		Release|Any CPU = Release|Any CPU
	EndGlobalSection
	GlobalSection(ProjectConfigurationPlatforms) = postSolution
		{E23CF807-2CD0-47B4-BA13-676680F279AB}.Debug|Any CPU.ActiveCfg = Debug|Any CPU
		{E23CF807-2CD0-47B4-BA13-676680F279AB}.Debug|Any CPU.Build.0 = Debug|Any CPU
		{E23CF807-2CD0-47B4-BA13-676680F279AB}.Release|Any CPU.ActiveCfg = Release|Any CPU
		{E23CF807-2CD0-47B4-BA13-676680F279AB}.Release|Any CPU.Build.0 = Release|Any CPU
		{39203614-2E16-4A72-9A58-B8C78C5E2937}.Debug|Any CPU.ActiveCfg = Debug|Any CPU
		{39203614-2E16-4A72-9A58-B8C78C5E2937}.Debug|Any CPU.Build.0 = Debug|Any CPU
		{39203614-2E16-4A72-9A58-B8C78C5E2937}.Release|Any CPU.ActiveCfg = Release|Any CPU
		{39203614-2E16-4A72-9A58-B8C78C5E2937}.Release|Any CPU.Build.0 = Release|Any CPU
		{B1917EFC-F57E-48CB-A495-74091B3D97BF}.Debug|Any CPU.ActiveCfg = Debug|Any CPU
		{B1917EFC-F57E-48CB-A495-74091B3D97BF}.Debug|Any CPU.Build.0 = Debug|Any CPU
		{B1917EFC-F57E-48CB-A495-74091B3D97BF}.Release|Any CPU.ActiveCfg = Release|Any CPU
		{B1917EFC-F57E-48CB-A495-74091B3D97BF}.Release|Any CPU.Build.0 = Release|Any CPU
	EndGlobalSection
	GlobalSection(SolutionProperties) = preSolution
		HideSolutionNode = FALSE
	EndGlobalSection
	GlobalSection(ExtensibilityGlobals) = postSolution
		SolutionGuid = {C16A160B-A0D5-4A0C-ACE8-8594C6549712}
	EndGlobalSection
EndGlobal
